{
  "name": "party-client",
  "version": "1.0.0",
  "lockfileVersion": 1,
  "requires": true,
  "dependencies": {
    "argparse": {
      "version": "1.0.10",
      "resolved": "http://registry.npm.taobao.org/argparse/download/argparse-1.0.10.tgz",
      "integrity": "sha1-vNZ5HqWuCXJeF+WtmIE0zUCz2RE=",
      "requires": {
        "sprintf-js": "1.0.3"
      }
    },
    "array-find-index": {
      "version": "1.0.2",
      "resolved": "http://registry.npm.taobao.org/array-find-index/download/array-find-index-1.0.2.tgz",
      "integrity": "sha1-3wEKoSh+Fku9pvlyOwqWoexBh6E="
    },
    "bmaplib.curveline": {
      "version": "1.0.0",
      "resolved": "http://registry.npm.taobao.org/bmaplib.curveline/download/bmaplib.curveline-1.0.0.tgz",
      "integrity": "sha1-gm6wvxxZ+tGyMUK+Zvw2DPAJrqI="
    },
    "bmaplib.heatmap": {
      "version": "1.0.4",
      "resolved": "http://registry.npm.taobao.org/bmaplib.heatmap/download/bmaplib.heatmap-1.0.4.tgz",
      "integrity": "sha1-MBYSYncf54rzVwX/kkV3Jd5dmFA="
    },
    "bmaplib.lushu": {
      "version": "1.0.7",
      "resolved": "http://registry.npm.taobao.org/bmaplib.lushu/download/bmaplib.lushu-1.0.7.tgz",
      "integrity": "sha1-d8F9z3FI0wxG6EMMf/hrIOQYuLg="
    },
    "bmaplib.markerclusterer": {
      "version": "1.0.13",
      "resolved": "http://registry.npm.taobao.org/bmaplib.markerclusterer/download/bmaplib.markerclusterer-1.0.13.tgz",
      "integrity": "sha1-RC1xpsQIRO5H0B9tshZrVFMLW9E=",
      "requires": {
        "bmaplib.texticonoverlay": "1.0.2"
      }
    },
    "bmaplib.texticonoverlay": {
      "version": "1.0.2",
      "resolved": "http://registry.npm.taobao.org/bmaplib.texticonoverlay/download/bmaplib.texticonoverlay-1.0.2.tgz",
      "integrity": "sha1-14VG6g8DbZ/pZJg3ljFbbBEqBb8="
    },
    "entities": {
      "version": "1.1.1",
      "resolved": "http://registry.npm.taobao.org/entities/download/entities-1.1.1.tgz",
      "integrity": "sha1-blwtClYhtdra7O+AuQ7ftc13cvA="
    },
    "linkify-it": {
      "version": "2.0.3",
      "resolved": "http://registry.npm.taobao.org/linkify-it/download/linkify-it-2.0.3.tgz",
      "integrity": "sha1-2UpGSPmxwXnWT6lykSaL22zpQ08=",
      "requires": {
        "uc.micro": "1.0.5"
      }
    },
    "markdown-it": {
      "version": "8.4.1",
      "resolved": "http://registry.npm.taobao.org/markdown-it/download/markdown-it-8.4.1.tgz",
      "integrity": "sha1-IG/lmw5OG3inxzJQr5s0pK0Kr0Q=",
      "requires": {
        "argparse": "1.0.10",
        "entities": "1.1.1",
        "linkify-it": "2.0.3",
        "mdurl": "1.0.1",
        "uc.micro": "1.0.5"
      }
    },
    "mdurl": {
      "version": "1.0.1",
      "resolved": "http://registry.npm.taobao.org/mdurl/download/mdurl-1.0.1.tgz",
      "integrity": "sha1-/oWy7HWlkDfyrf7BAP1sYBdhFS4="
    },
    "mint-ui": {
      "version": "2.2.13",
      "resolved": "http://registry.npm.taobao.org/mint-ui/download/mint-ui-2.2.13.tgz",
      "integrity": "sha1-hWosupYIxuzyHw5SHOie2N3+M9M=",
      "requires": {
        "array-find-index": "1.0.2",
        "raf.js": "0.0.4",
        "vue-lazyload": "1.2.3"
      }
    },
    "raf.js": {
      "version": "0.0.4",
      "resolved": "http://registry.npm.taobao.org/raf.js/download/raf.js-0.0.4.tgz",
      "integrity": "sha1-8Vr0RdJBsn+nExpXRQtn75xAL+w="
    },
    "sprintf-js": {
      "version": "1.0.3",
      "resolved": "http://registry.npm.taobao.org/sprintf-js/download/sprintf-js-1.0.3.tgz",
      "integrity": "sha1-BOaSb2YolTVPPdAVIDYzuFcpfiw="
    },
    "uc.micro": {
      "version": "1.0.5",
      "resolved": "http://registry.npm.taobao.org/uc.micro/download/uc.micro-1.0.5.tgz",
      "integrity": "sha1-DGXxX4FaoItWCmHOi023/8P0U3Y="
    },
    "vue-baidu-map": {
      "version": "0.21.7",
      "resolved": "http://registry.npm.taobao.org/vue-baidu-map/download/vue-baidu-map-0.21.7.tgz",
      "integrity": "sha1-wE/uzn7W4XoFyhV/c9AOo2iznQw=",
      "requires": {
        "bmaplib.curveline": "1.0.0",
        "bmaplib.heatmap": "1.0.4",
        "bmaplib.lushu": "1.0.7",
        "bmaplib.markerclusterer": "1.0.13",
        "markdown-it": "8.4.1"
      }
    },
    "vue-lazyload": {
      "version": "1.2.3",
      "resolved": "http://registry.npm.taobao.org/vue-lazyload/download/vue-lazyload-1.2.3.tgz",
      "integrity": "sha1-kB+ewVx+bKeHgaK65KNDaGve2yw="
    }
  }
}
